
Microsoft Visual Studio Solution File, Format Version 12.00
# Visual Studio Version 17
VisualStudioVersion = 17.9.34728.123
MinimumVisualStudioVersion = 10.0.40219.1
Project("{FAE04EC0-301F-11D3-BF4B-00C04F79EFBC}") = "task1", "task1\task1.csproj", "{CE20BD1B-EC7A-40EE-B122-2661AB17F7FA}"
EndProject
Project("{FAE04EC0-301F-11D3-BF4B-00C04F79EFBC}") = "Task2", "Task2\Task2.csproj", "{59AAA8C7-8565-43C8-8433-F31EC31DD00D}"
EndProject
Project("{FAE04EC0-301F-11D3-BF4B-00C04F79EFBC}") = "Task3", "Task3\Task3.csproj", "{AC1E516D-C3E6-48B3-B10C-5B3258924492}"
EndProject
Global
	GlobalSection(SolutionConfigurationPlatforms) = preSolution
		Debug|Any CPU = Debug|Any CPU
		Release|Any CPU = Release|Any CPU
	EndGlobalSection
	GlobalSection(ProjectConfigurationPlatforms) = postSolution
		{CE20BD1B-EC7A-40EE-B122-2661AB17F7FA}.Debug|Any CPU.ActiveCfg = Debug|Any CPU
		{CE20BD1B-EC7A-40EE-B122-2661AB17F7FA}.Debug|Any CPU.Build.0 = Debug|Any CPU
		{CE20BD1B-EC7A-40EE-B122-2661AB17F7FA}.Release|Any CPU.ActiveCfg = Release|Any CPU
		{CE20BD1B-EC7A-40EE-B122-2661AB17F7FA}.Release|Any CPU.Build.0 = Release|Any CPU
		{59AAA8C7-8565-43C8-8433-F31EC31DD00D}.Debug|Any CPU.ActiveCfg = Debug|Any CPU
		{59AAA8C7-8565-43C8-8433-F31EC31DD00D}.Debug|Any CPU.Build.0 = Debug|Any CPU
		{59AAA8C7-8565-43C8-8433-F31EC31DD00D}.Release|Any CPU.ActiveCfg = Release|Any CPU
		{59AAA8C7-8565-43C8-8433-F31EC31DD00D}.Release|Any CPU.Build.0 = Release|Any CPU
		{AC1E516D-C3E6-48B3-B10C-5B3258924492}.Debug|Any CPU.ActiveCfg = Debug|Any CPU
		{AC1E516D-C3E6-48B3-B10C-5B3258924492}.Debug|Any CPU.Build.0 = Debug|Any CPU
		{AC1E516D-C3E6-48B3-B10C-5B3258924492}.Release|Any CPU.ActiveCfg = Release|Any CPU
		{AC1E516D-C3E6-48B3-B10C-5B3258924492}.Release|Any CPU.Build.0 = Release|Any CPU
	EndGlobalSection
	GlobalSection(SolutionProperties) = preSolution
		HideSolutionNode = FALSE
	EndGlobalSection
	GlobalSection(ExtensibilityGlobals) = postSolution
		SolutionGuid = {DCEF7B81-8F18-42BE-936C-5382635630B8}
	EndGlobalSection
EndGlobal
